
Microsoft Visual Studio Solution File, Format Version 12.00
# Visual Studio 15
VisualStudioVersion = 15.0.27004.2008
MinimumVisualStudioVersion = 10.0.40219.1
Project("{FAE04EC0-301F-11D3-BF4B-00C04F79EFBC}") = "SpecflowDemoBDD", "SpecflowDemoBDD\SpecflowDemoBDD.csproj", "{858F7324-7677-42AB-9326-94FBE04B9A65}"
EndProject
Global
	GlobalSection(SolutionConfigurationPlatforms) = preSolution
		Debug|Any CPU = Debug|Any CPU
		Release|Any CPU = Release|Any CPU
	EndGlobalSection
	GlobalSection(ProjectConfigurationPlatforms) = postSolution
		{858F7324-7677-42AB-9326-94FBE04B9A65}.Debug|Any CPU.ActiveCfg = Debug|Any CPU
		{858F7324-7677-42AB-9326-94FBE04B9A65}.Debug|Any CPU.Build.0 = Debug|Any CPU
		{858F7324-7677-42AB-9326-94FBE04B9A65}.Release|Any CPU.ActiveCfg = Release|Any CPU
		{858F7324-7677-42AB-9326-94FBE04B9A65}.Release|Any CPU.Build.0 = Release|Any CPU
	EndGlobalSection
	GlobalSection(SolutionProperties) = preSolution
		HideSolutionNode = FALSE
	EndGlobalSection
	GlobalSection(ExtensibilityGlobals) = postSolution
		SolutionGuid = {7B152FC3-0C76-441D-9B98-11EBF59B9358}
	EndGlobalSection
EndGlobal
